// !$*UTF8*$!
{
	archiveVersion = 1;
	classes = {
	};
	objectVersion = 48;
	objects = {

/* Begin PBXBuildFile section */
		AC16F4521FB8B9F2001E1C8C /* CustomDateField.swift in Sources */ = {isa = PBXBuildFile; fileRef = AC16F4511FB8B9F2001E1C8C /* CustomDateField.swift */; };
		AC16F4561FB8C1D9001E1C8C /* CustomTableViewCell.swift in Sources */ = {isa = PBXBuildFile; fileRef = AC16F4551FB8C1D9001E1C8C /* CustomTableViewCell.swift */; };
		AC16F4581FB8EE29001E1C8C /* Person.swift in Sources */ = {isa = PBXBuildFile; fileRef = AC16F4571FB8EE29001E1C8C /* Person.swift */; };
		AC16F45C1FBA1595001E1C8C /* UserInfoView.swift in Sources */ = {isa = PBXBuildFile; fileRef = AC16F45B1FBA1595001E1C8C /* UserInfoView.swift */; };
		AC16F45E1FBA2D8A001E1C8C /* MainViewPerson.swift in Sources */ = {isa = PBXBuildFile; fileRef = AC16F45D1FBA2D8A001E1C8C /* MainViewPerson.swift */; };
		AC16F4601FBA2DB9001E1C8C /* UserInfoViewController.swift in Sources */ = {isa = PBXBuildFile; fileRef = AC16F45F1FBA2DB9001E1C8C /* UserInfoViewController.swift */; };
		ACA953741FB38100005CED5B /* AppDelegate.swift in Sources */ = {isa = PBXBuildFile; fileRef = ACA953731FB38100005CED5B /* AppDelegate.swift */; };
		ACA9537B1FB38100005CED5B /* Assets.xcassets in Resources */ = {isa = PBXBuildFile; fileRef = ACA9537A1FB38100005CED5B /* Assets.xcassets */; };
		ACA953861FB3823C005CED5B /* MainViewController.swift in Sources */ = {isa = PBXBuildFile; fileRef = ACA953851FB3823C005CED5B /* MainViewController.swift */; };
		ACA953881FB382ED005CED5B /* MainView.swift in Sources */ = {isa = PBXBuildFile; fileRef = ACA953871FB382ED005CED5B /* MainView.swift */; };
/* End PBXBuildFile section */

/* Begin PBXFileReference section */
		AC16F4511FB8B9F2001E1C8C /* CustomDateField.swift */ = {isa = PBXFileReference; lastKnownFileType = sourcecode.swift; path = CustomDateField.swift; sourceTree = "<group>"; };
		AC16F4551FB8C1D9001E1C8C /* CustomTableViewCell.swift */ = {isa = PBXFileReference; lastKnownFileType = sourcecode.swift; path = CustomTableViewCell.swift; sourceTree = "<group>"; };
		AC16F4571FB8EE29001E1C8C /* Person.swift */ = {isa = PBXFileReference; lastKnownFileType = sourcecode.swift; path = Person.swift; sourceTree = "<group>"; };
		AC16F45B1FBA1595001E1C8C /* UserInfoView.swift */ = {isa = PBXFileReference; lastKnownFileType = sourcecode.swift; path = UserInfoView.swift; sourceTree = "<group>"; };
		AC16F45D1FBA2D8A001E1C8C /* MainViewPerson.swift */ = {isa = PBXFileReference; lastKnownFileType = sourcecode.swift; path = MainViewPerson.swift; sourceTree = "<group>"; };
		AC16F45F1FBA2DB9001E1C8C /* UserInfoViewController.swift */ = {isa = PBXFileReference; lastKnownFileType = sourcecode.swift; path = UserInfoViewController.swift; sourceTree = "<group>"; };
		ACA953701FB38100005CED5B /* TableView.app */ = {isa = PBXFileReference; explicitFileType = wrapper.application; includeInIndex = 0; path = TableView.app; sourceTree = BUILT_PRODUCTS_DIR; };
		ACA953731FB38100005CED5B /* AppDelegate.swift */ = {isa = PBXFileReference; lastKnownFileType = sourcecode.swift; path = AppDelegate.swift; sourceTree = "<group>"; };
		ACA9537A1FB38100005CED5B /* Assets.xcassets */ = {isa = PBXFileReference; lastKnownFileType = folder.assetcatalog; path = Assets.xcassets; sourceTree = "<group>"; };
		ACA9537F1FB38100005CED5B /* Info.plist */ = {isa = PBXFileReference; lastKnownFileType = text.plist.xml; path = Info.plist; sourceTree = "<group>"; };
		ACA953851FB3823C005CED5B /* MainViewController.swift */ = {isa = PBXFileReference; lastKnownFileType = sourcecode.swift; path = MainViewController.swift; sourceTree = "<group>"; };
		ACA953871FB382ED005CED5B /* MainView.swift */ = {isa = PBXFileReference; lastKnownFileType = sourcecode.swift; path = MainView.swift; sourceTree = "<group>"; };
/* End PBXFileReference section */

/* Begin PBXFrameworksBuildPhase section */
		ACA9536D1FB38100005CED5B /* Frameworks */ = {
			isa = PBXFrameworksBuildPhase;
			buildActionMask = 2147483647;
			files = (
			);
			runOnlyForDeploymentPostprocessing = 0;
		};
/* End PBXFrameworksBuildPhase section */

/* Begin PBXGroup section */
		ACA953671FB38100005CED5B = {
			isa = PBXGroup;
			children = (
				ACA953721FB38100005CED5B /* TableView */,
				ACA953711FB38100005CED5B /* Products */,
			);
			sourceTree = "<group>";
		};
		ACA953711FB38100005CED5B /* Products */ = {
			isa = PBXGroup;
			children = (
				ACA953701FB38100005CED5B /* TableView.app */,
			);
			name = Products;
			sourceTree = "<group>";
		};
		ACA953721FB38100005CED5B /* TableView */ = {
			isa = PBXGroup;
			children = (
				ACA953871FB382ED005CED5B /* MainView.swift */,
				ACA953731FB38100005CED5B /* AppDelegate.swift */,
				ACA9537A1FB38100005CED5B /* Assets.xcassets */,
				ACA9537F1FB38100005CED5B /* Info.plist */,
				ACA953851FB3823C005CED5B /* MainViewController.swift */,
				AC16F4511FB8B9F2001E1C8C /* CustomDateField.swift */,
				AC16F4551FB8C1D9001E1C8C /* CustomTableViewCell.swift */,
				AC16F4571FB8EE29001E1C8C /* Person.swift */,
				AC16F45B1FBA1595001E1C8C /* UserInfoView.swift */,
				AC16F45D1FBA2D8A001E1C8C /* MainViewPerson.swift */,
				AC16F45F1FBA2DB9001E1C8C /* UserInfoViewController.swift */,
			);
			path = TableView;
			sourceTree = "<group>";
		};
/* End PBXGroup section */

/* Begin PBXNativeTarget section */
		ACA9536F1FB38100005CED5B /* TableView */ = {
			isa = PBXNativeTarget;
			buildConfigurationList = ACA953821FB38100005CED5B /* Build configuration list for PBXNativeTarget "TableView" */;
			buildPhases = (
				ACA9536C1FB38100005CED5B /* Sources */,
				ACA9536D1FB38100005CED5B /* Frameworks */,
				ACA9536E1FB38100005CED5B /* Resources */,
			);
			buildRules = (
			);
			dependencies = (
			);
			name = TableView;
			productName = TableView;
			productReference = ACA953701FB38100005CED5B /* TableView.app */;
			productType = "com.apple.product-type.application";
		};
/* End PBXNativeTarget section */

/* Begin PBXProject section */
		ACA953681FB38100005CED5B /* Project object */ = {
			isa = PBXProject;
			attributes = {
				LastSwiftUpdateCheck = 0900;
				LastUpgradeCheck = 0900;
				ORGANIZATIONNAME = "Гость";
				TargetAttributes = {
					ACA9536F1FB38100005CED5B = {
						CreatedOnToolsVersion = 9.0.1;
						ProvisioningStyle = Automatic;
					};
				};
			};
			buildConfigurationList = ACA9536B1FB38100005CED5B /* Build configuration list for PBXProject "TableView" */;
			compatibilityVersion = "Xcode 8.0";
			developmentRegion = en;
			hasScannedForEncodings = 0;
			knownRegions = (
				en,
				Base,
			);
			mainGroup = ACA953671FB38100005CED5B;
			productRefGroup = ACA953711FB38100005CED5B /* Products */;
			projectDirPath = "";
			projectRoot = "";
			targets = (
				ACA9536F1FB38100005CED5B /* TableView */,
			);
		};
/* End PBXProject section */

/* Begin PBXResourcesBuildPhase section */
		ACA9536E1FB38100005CED5B /* Resources */ = {
			isa = PBXResourcesBuildPhase;
			buildActionMask = 2147483647;
			files = (
				ACA9537B1FB38100005CED5B /* Assets.xcassets in Resources */,
			);
			runOnlyForDeploymentPostprocessing = 0;
		};
/* End PBXResourcesBuildPhase section */

/* Begin PBXSourcesBuildPhase section */
		ACA9536C1FB38100005CED5B /* Sources */ = {
			isa = PBXSourcesBuildPhase;
			buildActionMask = 2147483647;
			files = (
				AC16F4581FB8EE29001E1C8C /* Person.swift in Sources */,
				ACA953741FB38100005CED5B /* AppDelegate.swift in Sources */,
				AC16F4561FB8C1D9001E1C8C /* CustomTableViewCell.swift in Sources */,
				AC16F45C1FBA1595001E1C8C /* UserInfoView.swift in Sources */,
				AC16F4601FBA2DB9001E1C8C /* UserInfoViewController.swift in Sources */,
				AC16F4521FB8B9F2001E1C8C /* CustomDateField.swift in Sources */,
				ACA953881FB382ED005CED5B /* MainView.swift in Sources */,
				AC16F45E1FBA2D8A001E1C8C /* MainViewPerson.swift in Sources */,
				ACA953861FB3823C005CED5B /* MainViewController.swift in Sources */,
			);
			runOnlyForDeploymentPostprocessing = 0;
		};
/* End PBXSourcesBuildPhase section */

/* Begin XCBuildConfiguration section */
		ACA953801FB38100005CED5B /* Debug */ = {
			isa = XCBuildConfiguration;
			buildSettings = {
				ALWAYS_SEARCH_USER_PATHS = NO;
				CLANG_ANALYZER_NONNULL = YES;
				CLANG_ANALYZER_NUMBER_OBJECT_CONVERSION = YES_AGGRESSIVE;
				CLANG_CXX_LANGUAGE_STANDARD = "gnu++14";
				CLANG_CXX_LIBRARY = "libc++";
				CLANG_ENABLE_MODULES = YES;
				CLANG_ENABLE_OBJC_ARC = YES;
				CLANG_WARN_BLOCK_CAPTURE_AUTORELEASING = YES;
				CLANG_WARN_BOOL_CONVERSION = YES;
				CLANG_WARN_COMMA = YES;
				CLANG_WARN_CONSTANT_CONVERSION = YES;
				CLANG_WARN_DIRECT_OBJC_ISA_USAGE = YES_ERROR;
				CLANG_WARN_DOCUMENTATION_COMMENTS = YES;
				CLANG_WARN_EMPTY_BODY = YES;
				CLANG_WARN_ENUM_CONVERSION = YES;
				CLANG_WARN_INFINITE_RECURSION = YES;
				CLANG_WARN_INT_CONVERSION = YES;
				CLANG_WARN_NON_LITERAL_NULL_CONVERSION = YES;
				CLANG_WARN_OBJC_LITERAL_CONVERSION = YES;
				CLANG_WARN_OBJC_ROOT_CLASS = YES_ERROR;
				CLANG_WARN_RANGE_LOOP_ANALYSIS = YES;
				CLANG_WARN_STRICT_PROTOTYPES = YES;
				CLANG_WARN_SUSPICIOUS_MOVE = YES;
				CLANG_WARN_UNGUARDED_AVAILABILITY = YES_AGGRESSIVE;
				CLANG_WARN_UNREACHABLE_CODE = YES;
				CLANG_WARN__DUPLICATE_METHOD_MATCH = YES;
				CODE_SIGN_IDENTITY = "iPhone Developer";
				COPY_PHASE_STRIP = NO;
				DEBUG_INFORMATION_FORMAT = dwarf;
				ENABLE_STRICT_OBJC_MSGSEND = YES;
				ENABLE_TESTABILITY = YES;
				GCC_C_LANGUAGE_STANDARD = gnu11;
				GCC_DYNAMIC_NO_PIC = NO;
				GCC_NO_COMMON_BLOCKS = YES;
				GCC_OPTIMIZATION_LEVEL = 0;
				GCC_PREPROCESSOR_DEFINITIONS = (
					"DEBUG=1",
					"$(inherited)",
				);
				GCC_WARN_64_TO_32_BIT_CONVERSION = YES;
				GCC_WARN_ABOUT_RETURN_TYPE = YES_ERROR;
				GCC_WARN_UNDECLARED_SELECTOR = YES;
				GCC_WARN_UNINITIALIZED_AUTOS = YES_AGGRESSIVE;
				GCC_WARN_UNUSED_FUNCTION = YES;
				GCC_WARN_UNUSED_VARIABLE = YES;
				IPHONEOS_DEPLOYMENT_TARGET = 11.0;
				MTL_ENABLE_DEBUG_INFO = YES;
				ONLY_ACTIVE_ARCH = YES;
				SDKROOT = iphoneos;
				SWIFT_ACTIVE_COMPILATION_CONDITIONS = DEBUG;
				SWIFT_OPTIMIZATION_LEVEL = "-Onone";
			};
			name = Debug;
		};
		ACA953811FB38100005CED5B /* Release */ = {
			isa = XCBuildConfiguration;
			buildSettings = {
				ALWAYS_SEARCH_USER_PATHS = NO;
				CLANG_ANALYZER_NONNULL = YES;
				CLANG_ANALYZER_NUMBER_OBJECT_CONVERSION = YES_AGGRESSIVE;
				CLANG_CXX_LANGUAGE_STANDARD = "gnu++14";
				CLANG_CXX_LIBRARY = "libc++";
				CLANG_ENABLE_MODULES = YES;
				CLANG_ENABLE_OBJC_ARC = YES;
				CLANG_WARN_BLOCK_CAPTURE_AUTORELEASING = YES;
				CLANG_WARN_BOOL_CONVERSION = YES;
				CLANG_WARN_COMMA = YES;
				CLANG_WARN_CONSTANT_CONVERSION = YES;
				CLANG_WARN_DIRECT_OBJC_ISA_USAGE = YES_ERROR;
				CLANG_WARN_DOCUMENTATION_COMMENTS = YES;
				CLANG_WARN_EMPTY_BODY = YES;
				CLANG_WARN_ENUM_CONVERSION = YES;
				CLANG_WARN_INFINITE_RECURSION = YES;
				CLANG_WARN_INT_CONVERSION = YES;
				CLANG_WARN_NON_LITERAL_NULL_CONVERSION = YES;
				CLANG_WARN_OBJC_LITERAL_CONVERSION = YES;
				CLANG_WARN_OBJC_ROOT_CLASS = YES_ERROR;
				CLANG_WARN_RANGE_LOOP_ANALYSIS = YES;
				CLANG_WARN_STRICT_PROTOTYPES = YES;
				CLANG_WARN_SUSPICIOUS_MOVE = YES;
				CLANG_WARN_UNGUARDED_AVAILABILITY = YES_AGGRESSIVE;
				CLANG_WARN_UNREACHABLE_CODE = YES;
				CLANG_WARN__DUPLICATE_METHOD_MATCH = YES;
				CODE_SIGN_IDENTITY = "iPhone Developer";
				COPY_PHASE_STRIP = NO;
				DEBUG_INFORMATION_FORMAT = "dwarf-with-dsym";
				ENABLE_NS_ASSERTIONS = NO;
				ENABLE_STRICT_OBJC_MSGSEND = YES;
				GCC_C_LANGUAGE_STANDARD = gnu11;
				GCC_NO_COMMON_BLOCKS = YES;
				GCC_WARN_64_TO_32_BIT_CONVERSION = YES;
				GCC_WARN_ABOUT_RETURN_TYPE = YES_ERROR;
				GCC_WARN_UNDECLARED_SELECTOR = YES;
				GCC_WARN_UNINITIALIZED_AUTOS = YES_AGGRESSIVE;
				GCC_WARN_UNUSED_FUNCTION = YES;
				GCC_WARN_UNUSED_VARIABLE = YES;
				IPHONEOS_DEPLOYMENT_TARGET = 11.0;
				MTL_ENABLE_DEBUG_INFO = NO;
				SDKROOT = iphoneos;
				SWIFT_OPTIMIZATION_LEVEL = "-Owholemodule";
				VALIDATE_PRODUCT = YES;
			};
			name = Release;
		};
		ACA953831FB38100005CED5B /* Debug */ = {
			isa = XCBuildConfiguration;
			buildSettings = {
				ASSETCATALOG_COMPILER_APPICON_NAME = AppIcon;
				CODE_SIGN_STYLE = Automatic;
				INFOPLIST_FILE = TableView/Info.plist;
				LD_RUNPATH_SEARCH_PATHS = "$(inherited) @executable_path/Frameworks";
				PRODUCT_BUNDLE_IDENTIFIER = com.my.compony.TableView;
				PRODUCT_NAME = "$(TARGET_NAME)";
				SWIFT_VERSION = 4.0;
				TARGETED_DEVICE_FAMILY = "1,2";
			};
			name = Debug;
		};
		ACA953841FB38100005CED5B /* Release */ = {
			isa = XCBuildConfiguration;
			buildSettings = {
				ASSETCATALOG_COMPILER_APPICON_NAME = AppIcon;
				CODE_SIGN_STYLE = Automatic;
				INFOPLIST_FILE = TableView/Info.plist;
				LD_RUNPATH_SEARCH_PATHS = "$(inherited) @executable_path/Frameworks";
				PRODUCT_BUNDLE_IDENTIFIER = com.my.compony.TableView;
				PRODUCT_NAME = "$(TARGET_NAME)";
				SWIFT_VERSION = 4.0;
				TARGETED_DEVICE_FAMILY = "1,2";
			};
			name = Release;
		};
/* End XCBuildConfiguration section */

/* Begin XCConfigurationList section */
		ACA9536B1FB38100005CED5B /* Build configuration list for PBXProject "TableView" */ = {
			isa = XCConfigurationList;
			buildConfigurations = (
				ACA953801FB38100005CED5B /* Debug */,
				ACA953811FB38100005CED5B /* Release */,
			);
			defaultConfigurationIsVisible = 0;
			defaultConfigurationName = Release;
		};
		ACA953821FB38100005CED5B /* Build configuration list for PBXNativeTarget "TableView" */ = {
			isa = XCConfigurationList;
			buildConfigurations = (
				ACA953831FB38100005CED5B /* Debug */,
				ACA953841FB38100005CED5B /* Release */,
			);
			defaultConfigurationIsVisible = 0;
			defaultConfigurationName = Release;
		};
/* End XCConfigurationList section */
	};
	rootObject = ACA953681FB38100005CED5B /* Project object */;
}
